
Microsoft Visual Studio Solution File, Format Version 12.00
# Visual Studio 15
VisualStudioVersion = 15.0.27130.2010
MinimumVisualStudioVersion = 10.0.40219.1
Project("{FAE04EC0-301F-11D3-BF4B-00C04F79EFBC}") = "MärkmeteHarjutus", "MärkmeteHarjutus\MärkmeteHarjutus.csproj", "{728F94D4-4C18-49C3-9800-A3DB8F912F5B}"
EndProject
Global
	GlobalSection(SolutionConfigurationPlatforms) = preSolution
		Debug|Any CPU = Debug|Any CPU
		Release|Any CPU = Release|Any CPU
	EndGlobalSection
	GlobalSection(ProjectConfigurationPlatforms) = postSolution
		{728F94D4-4C18-49C3-9800-A3DB8F912F5B}.Debug|Any CPU.ActiveCfg = Debug|Any CPU
		{728F94D4-4C18-49C3-9800-A3DB8F912F5B}.Debug|Any CPU.Build.0 = Debug|Any CPU
		{728F94D4-4C18-49C3-9800-A3DB8F912F5B}.Release|Any CPU.ActiveCfg = Release|Any CPU
		{728F94D4-4C18-49C3-9800-A3DB8F912F5B}.Release|Any CPU.Build.0 = Release|Any CPU
	EndGlobalSection
	GlobalSection(SolutionProperties) = preSolution
		HideSolutionNode = FALSE
	EndGlobalSection
	GlobalSection(ExtensibilityGlobals) = postSolution
		SolutionGuid = {4CC1228E-5D7B-4580-A0E3-F0F9E6F57CC4}
	EndGlobalSection
EndGlobal
